// !$*UTF8*$!
{
	archiveVersion = 1;
	classes = {
	};
	objectVersion = 46;
	objects = {

/* Begin PBXBuildFile section */
		386AAEC51B846BA3006E3828 /* ViewController.swift in Sources */ = {isa = PBXBuildFile; fileRef = 386AAEC41B846BA3006E3828 /* ViewController.swift */; };
		386AAEC71B846C3B006E3828 /* CollectionViewController.swift in Sources */ = {isa = PBXBuildFile; fileRef = 386AAEC61B846C3B006E3828 /* CollectionViewController.swift */; };
		386AAEC91B846F8C006E3828 /* CollectionCell.swift in Sources */ = {isa = PBXBuildFile; fileRef = 386AAEC81B846F8C006E3828 /* CollectionCell.swift */; };
		38C0AE561B819B5C00CD01F7 /* AppDelegate.swift in Sources */ = {isa = PBXBuildFile; fileRef = 38C0AE551B819B5C00CD01F7 /* AppDelegate.swift */; };
		38C0AE581B819B5C00CD01F7 /* TableViewController.swift in Sources */ = {isa = PBXBuildFile; fileRef = 38C0AE571B819B5C00CD01F7 /* TableViewController.swift */; };
		38C0AE5B1B819B5C00CD01F7 /* Main.storyboard in Resources */ = {isa = PBXBuildFile; fileRef = 38C0AE591B819B5C00CD01F7 /* Main.storyboard */; };
		38C0AE5D1B819B5C00CD01F7 /* Assets.xcassets in Resources */ = {isa = PBXBuildFile; fileRef = 38C0AE5C1B819B5C00CD01F7 /* Assets.xcassets */; };
		38C0AE601B819B5C00CD01F7 /* LaunchScreen.storyboard in Resources */ = {isa = PBXBuildFile; fileRef = 38C0AE5E1B819B5C00CD01F7 /* LaunchScreen.storyboard */; };
		38C0AE6A1B81A03300CD01F7 /* WOWRefreshControl.swift in Sources */ = {isa = PBXBuildFile; fileRef = 38C0AE691B81A03300CD01F7 /* WOWRefreshControl.swift */; };
		38C0AE6C1B81B6C900CD01F7 /* WOWRippleIndicator.swift in Sources */ = {isa = PBXBuildFile; fileRef = 38C0AE6B1B81B6C900CD01F7 /* WOWRippleIndicator.swift */; };
		38C0AE6E1B81CB5E00CD01F7 /* GCD.swift in Sources */ = {isa = PBXBuildFile; fileRef = 38C0AE6D1B81CB5E00CD01F7 /* GCD.swift */; };
/* End PBXBuildFile section */

/* Begin PBXFileReference section */
		386AAEC41B846BA3006E3828 /* ViewController.swift */ = {isa = PBXFileReference; fileEncoding = 4; lastKnownFileType = sourcecode.swift; path = ViewController.swift; sourceTree = "<group>"; };
		386AAEC61B846C3B006E3828 /* CollectionViewController.swift */ = {isa = PBXFileReference; fileEncoding = 4; lastKnownFileType = sourcecode.swift; path = CollectionViewController.swift; sourceTree = "<group>"; };
		386AAEC81B846F8C006E3828 /* CollectionCell.swift */ = {isa = PBXFileReference; fileEncoding = 4; lastKnownFileType = sourcecode.swift; path = CollectionCell.swift; sourceTree = "<group>"; };
		38C0AE521B819B5C00CD01F7 /* WOWTableRefresherDemo.app */ = {isa = PBXFileReference; explicitFileType = wrapper.application; includeInIndex = 0; path = WOWTableRefresherDemo.app; sourceTree = BUILT_PRODUCTS_DIR; };
		38C0AE551B819B5C00CD01F7 /* AppDelegate.swift */ = {isa = PBXFileReference; lastKnownFileType = sourcecode.swift; path = AppDelegate.swift; sourceTree = "<group>"; };
		38C0AE571B819B5C00CD01F7 /* TableViewController.swift */ = {isa = PBXFileReference; lastKnownFileType = sourcecode.swift; path = TableViewController.swift; sourceTree = "<group>"; };
		38C0AE5A1B819B5C00CD01F7 /* Base */ = {isa = PBXFileReference; lastKnownFileType = file.storyboard; name = Base; path = Base.lproj/Main.storyboard; sourceTree = "<group>"; };
		38C0AE5C1B819B5C00CD01F7 /* Assets.xcassets */ = {isa = PBXFileReference; lastKnownFileType = folder.assetcatalog; path = Assets.xcassets; sourceTree = "<group>"; };
		38C0AE5F1B819B5C00CD01F7 /* Base */ = {isa = PBXFileReference; lastKnownFileType = file.storyboard; name = Base; path = Base.lproj/LaunchScreen.storyboard; sourceTree = "<group>"; };
		38C0AE611B819B5C00CD01F7 /* Info.plist */ = {isa = PBXFileReference; lastKnownFileType = text.plist.xml; path = Info.plist; sourceTree = "<group>"; };
		38C0AE691B81A03300CD01F7 /* WOWRefreshControl.swift */ = {isa = PBXFileReference; fileEncoding = 4; lastKnownFileType = sourcecode.swift; path = WOWRefreshControl.swift; sourceTree = "<group>"; };
		38C0AE6B1B81B6C900CD01F7 /* WOWRippleIndicator.swift */ = {isa = PBXFileReference; fileEncoding = 4; lastKnownFileType = sourcecode.swift; path = WOWRippleIndicator.swift; sourceTree = "<group>"; };
		38C0AE6D1B81CB5E00CD01F7 /* GCD.swift */ = {isa = PBXFileReference; fileEncoding = 4; lastKnownFileType = sourcecode.swift; path = GCD.swift; sourceTree = "<group>"; };
/* End PBXFileReference section */

/* Begin PBXFrameworksBuildPhase section */
		38C0AE4F1B819B5C00CD01F7 /* Frameworks */ = {
			isa = PBXFrameworksBuildPhase;
			buildActionMask = 2147483647;
			files = (
			);
			runOnlyForDeploymentPostprocessing = 0;
		};
/* End PBXFrameworksBuildPhase section */

/* Begin PBXGroup section */
		38C0AE491B819B5B00CD01F7 = {
			isa = PBXGroup;
			children = (
				38C0AE541B819B5C00CD01F7 /* WOWTableRefresherDemo */,
				38C0AE531B819B5C00CD01F7 /* Products */,
			);
			sourceTree = "<group>";
		};
		38C0AE531B819B5C00CD01F7 /* Products */ = {
			isa = PBXGroup;
			children = (
				38C0AE521B819B5C00CD01F7 /* WOWTableRefresherDemo.app */,
			);
			name = Products;
			sourceTree = "<group>";
		};
		38C0AE541B819B5C00CD01F7 /* WOWTableRefresherDemo */ = {
			isa = PBXGroup;
			children = (
				38C0AE6D1B81CB5E00CD01F7 /* GCD.swift */,
				38C0AE551B819B5C00CD01F7 /* AppDelegate.swift */,
				38C0AE571B819B5C00CD01F7 /* TableViewController.swift */,
				38C0AE591B819B5C00CD01F7 /* Main.storyboard */,
				38C0AE5C1B819B5C00CD01F7 /* Assets.xcassets */,
				38C0AE5E1B819B5C00CD01F7 /* LaunchScreen.storyboard */,
				38C0AE611B819B5C00CD01F7 /* Info.plist */,
				386AAEC81B846F8C006E3828 /* CollectionCell.swift */,
				38C0AE691B81A03300CD01F7 /* WOWRefreshControl.swift */,
				38C0AE6B1B81B6C900CD01F7 /* WOWRippleIndicator.swift */,
				386AAEC41B846BA3006E3828 /* ViewController.swift */,
				386AAEC61B846C3B006E3828 /* CollectionViewController.swift */,
			);
			path = WOWTableRefresherDemo;
			sourceTree = "<group>";
		};
/* End PBXGroup section */

/* Begin PBXNativeTarget section */
		38C0AE511B819B5C00CD01F7 /* WOWTableRefresherDemo */ = {
			isa = PBXNativeTarget;
			buildConfigurationList = 38C0AE641B819B5C00CD01F7 /* Build configuration list for PBXNativeTarget "WOWTableRefresherDemo" */;
			buildPhases = (
				38C0AE4E1B819B5C00CD01F7 /* Sources */,
				38C0AE4F1B819B5C00CD01F7 /* Frameworks */,
				38C0AE501B819B5C00CD01F7 /* Resources */,
			);
			buildRules = (
			);
			dependencies = (
			);
			name = WOWTableRefresherDemo;
			productName = WOWTableRefresherDemo;
			productReference = 38C0AE521B819B5C00CD01F7 /* WOWTableRefresherDemo.app */;
			productType = "com.apple.product-type.application";
		};
/* End PBXNativeTarget section */

/* Begin PBXProject section */
		38C0AE4A1B819B5C00CD01F7 /* Project object */ = {
			isa = PBXProject;
			attributes = {
				LastUpgradeCheck = 0700;
				ORGANIZATIONNAME = "Zhou Hao";
				TargetAttributes = {
					38C0AE511B819B5C00CD01F7 = {
						CreatedOnToolsVersion = 7.0;
					};
				};
			};
			buildConfigurationList = 38C0AE4D1B819B5C00CD01F7 /* Build configuration list for PBXProject "WOWTableRefresherDemo" */;
			compatibilityVersion = "Xcode 3.2";
			developmentRegion = English;
			hasScannedForEncodings = 0;
			knownRegions = (
				en,
				Base,
			);
			mainGroup = 38C0AE491B819B5B00CD01F7;
			productRefGroup = 38C0AE531B819B5C00CD01F7 /* Products */;
			projectDirPath = "";
			projectRoot = "";
			targets = (
				38C0AE511B819B5C00CD01F7 /* WOWTableRefresherDemo */,
			);
		};
/* End PBXProject section */

/* Begin PBXResourcesBuildPhase section */
		38C0AE501B819B5C00CD01F7 /* Resources */ = {
			isa = PBXResourcesBuildPhase;
			buildActionMask = 2147483647;
			files = (
				38C0AE601B819B5C00CD01F7 /* LaunchScreen.storyboard in Resources */,
				38C0AE5D1B819B5C00CD01F7 /* Assets.xcassets in Resources */,
				38C0AE5B1B819B5C00CD01F7 /* Main.storyboard in Resources */,
			);
			runOnlyForDeploymentPostprocessing = 0;
		};
/* End PBXResourcesBuildPhase section */

/* Begin PBXSourcesBuildPhase section */
		38C0AE4E1B819B5C00CD01F7 /* Sources */ = {
			isa = PBXSourcesBuildPhase;
			buildActionMask = 2147483647;
			files = (
				386AAEC51B846BA3006E3828 /* ViewController.swift in Sources */,
				38C0AE6E1B81CB5E00CD01F7 /* GCD.swift in Sources */,
				38C0AE6A1B81A03300CD01F7 /* WOWRefreshControl.swift in Sources */,
				386AAEC91B846F8C006E3828 /* CollectionCell.swift in Sources */,
				38C0AE6C1B81B6C900CD01F7 /* WOWRippleIndicator.swift in Sources */,
				386AAEC71B846C3B006E3828 /* CollectionViewController.swift in Sources */,
				38C0AE581B819B5C00CD01F7 /* TableViewController.swift in Sources */,
				38C0AE561B819B5C00CD01F7 /* AppDelegate.swift in Sources */,
			);
			runOnlyForDeploymentPostprocessing = 0;
		};
/* End PBXSourcesBuildPhase section */

/* Begin PBXVariantGroup section */
		38C0AE591B819B5C00CD01F7 /* Main.storyboard */ = {
			isa = PBXVariantGroup;
			children = (
				38C0AE5A1B819B5C00CD01F7 /* Base */,
			);
			name = Main.storyboard;
			sourceTree = "<group>";
		};
		38C0AE5E1B819B5C00CD01F7 /* LaunchScreen.storyboard */ = {
			isa = PBXVariantGroup;
			children = (
				38C0AE5F1B819B5C00CD01F7 /* Base */,
			);
			name = LaunchScreen.storyboard;
			sourceTree = "<group>";
		};
/* End PBXVariantGroup section */

/* Begin XCBuildConfiguration section */
		38C0AE621B819B5C00CD01F7 /* Debug */ = {
			isa = XCBuildConfiguration;
			buildSettings = {
				ALWAYS_SEARCH_USER_PATHS = NO;
				CLANG_CXX_LANGUAGE_STANDARD = "gnu++0x";
				CLANG_CXX_LIBRARY = "libc++";
				CLANG_ENABLE_MODULES = YES;
				CLANG_ENABLE_OBJC_ARC = YES;
				CLANG_WARN_BOOL_CONVERSION = YES;
				CLANG_WARN_CONSTANT_CONVERSION = YES;
				CLANG_WARN_DIRECT_OBJC_ISA_USAGE = YES_ERROR;
				CLANG_WARN_EMPTY_BODY = YES;
				CLANG_WARN_ENUM_CONVERSION = YES;
				CLANG_WARN_INT_CONVERSION = YES;
				CLANG_WARN_OBJC_ROOT_CLASS = YES_ERROR;
				CLANG_WARN_UNREACHABLE_CODE = YES;
				CLANG_WARN__DUPLICATE_METHOD_MATCH = YES;
				"CODE_SIGN_IDENTITY[sdk=iphoneos*]" = "iPhone Developer";
				COPY_PHASE_STRIP = NO;
				DEBUG_INFORMATION_FORMAT = dwarf;
				ENABLE_STRICT_OBJC_MSGSEND = YES;
				ENABLE_TESTABILITY = YES;
				GCC_C_LANGUAGE_STANDARD = gnu99;
				GCC_DYNAMIC_NO_PIC = NO;
				GCC_NO_COMMON_BLOCKS = YES;
				GCC_OPTIMIZATION_LEVEL = 0;
				GCC_PREPROCESSOR_DEFINITIONS = (
					"DEBUG=1",
					"$(inherited)",
				);
				GCC_WARN_64_TO_32_BIT_CONVERSION = YES;
				GCC_WARN_ABOUT_RETURN_TYPE = YES_ERROR;
				GCC_WARN_UNDECLARED_SELECTOR = YES;
				GCC_WARN_UNINITIALIZED_AUTOS = YES_AGGRESSIVE;
				GCC_WARN_UNUSED_FUNCTION = YES;
				GCC_WARN_UNUSED_VARIABLE = YES;
				IPHONEOS_DEPLOYMENT_TARGET = 9.0;
				MTL_ENABLE_DEBUG_INFO = YES;
				ONLY_ACTIVE_ARCH = YES;
				SDKROOT = iphoneos;
				SWIFT_OPTIMIZATION_LEVEL = "-Onone";
			};
			name = Debug;
		};
		38C0AE631B819B5C00CD01F7 /* Release */ = {
			isa = XCBuildConfiguration;
			buildSettings = {
				ALWAYS_SEARCH_USER_PATHS = NO;
				CLANG_CXX_LANGUAGE_STANDARD = "gnu++0x";
				CLANG_CXX_LIBRARY = "libc++";
				CLANG_ENABLE_MODULES = YES;
				CLANG_ENABLE_OBJC_ARC = YES;
				CLANG_WARN_BOOL_CONVERSION = YES;
				CLANG_WARN_CONSTANT_CONVERSION = YES;
				CLANG_WARN_DIRECT_OBJC_ISA_USAGE = YES_ERROR;
				CLANG_WARN_EMPTY_BODY = YES;
				CLANG_WARN_ENUM_CONVERSION = YES;
				CLANG_WARN_INT_CONVERSION = YES;
				CLANG_WARN_OBJC_ROOT_CLASS = YES_ERROR;
				CLANG_WARN_UNREACHABLE_CODE = YES;
				CLANG_WARN__DUPLICATE_METHOD_MATCH = YES;
				"CODE_SIGN_IDENTITY[sdk=iphoneos*]" = "iPhone Developer";
				COPY_PHASE_STRIP = NO;
				DEBUG_INFORMATION_FORMAT = "dwarf-with-dsym";
				ENABLE_NS_ASSERTIONS = NO;
				ENABLE_STRICT_OBJC_MSGSEND = YES;
				GCC_C_LANGUAGE_STANDARD = gnu99;
				GCC_NO_COMMON_BLOCKS = YES;
				GCC_WARN_64_TO_32_BIT_CONVERSION = YES;
				GCC_WARN_ABOUT_RETURN_TYPE = YES_ERROR;
				GCC_WARN_UNDECLARED_SELECTOR = YES;
				GCC_WARN_UNINITIALIZED_AUTOS = YES_AGGRESSIVE;
				GCC_WARN_UNUSED_FUNCTION = YES;
				GCC_WARN_UNUSED_VARIABLE = YES;
				IPHONEOS_DEPLOYMENT_TARGET = 9.0;
				MTL_ENABLE_DEBUG_INFO = NO;
				SDKROOT = iphoneos;
				VALIDATE_PRODUCT = YES;
			};
			name = Release;
		};
		38C0AE651B819B5C00CD01F7 /* Debug */ = {
			isa = XCBuildConfiguration;
			buildSettings = {
				ASSETCATALOG_COMPILER_APPICON_NAME = AppIcon;
				INFOPLIST_FILE = WOWTableRefresherDemo/Info.plist;
				LD_RUNPATH_SEARCH_PATHS = "$(inherited) @executable_path/Frameworks";
				PRODUCT_BUNDLE_IDENTIFIER = com.wowtv.WOWTableRefresherDemo;
				PRODUCT_NAME = "$(TARGET_NAME)";
			};
			name = Debug;
		};
		38C0AE661B819B5C00CD01F7 /* Release */ = {
			isa = XCBuildConfiguration;
			buildSettings = {
				ASSETCATALOG_COMPILER_APPICON_NAME = AppIcon;
				INFOPLIST_FILE = WOWTableRefresherDemo/Info.plist;
				LD_RUNPATH_SEARCH_PATHS = "$(inherited) @executable_path/Frameworks";
				PRODUCT_BUNDLE_IDENTIFIER = com.wowtv.WOWTableRefresherDemo;
				PRODUCT_NAME = "$(TARGET_NAME)";
			};
			name = Release;
		};
/* End XCBuildConfiguration section */

/* Begin XCConfigurationList section */
		38C0AE4D1B819B5C00CD01F7 /* Build configuration list for PBXProject "WOWTableRefresherDemo" */ = {
			isa = XCConfigurationList;
			buildConfigurations = (
				38C0AE621B819B5C00CD01F7 /* Debug */,
				38C0AE631B819B5C00CD01F7 /* Release */,
			);
			defaultConfigurationIsVisible = 0;
			defaultConfigurationName = Release;
		};
		38C0AE641B819B5C00CD01F7 /* Build configuration list for PBXNativeTarget "WOWTableRefresherDemo" */ = {
			isa = XCConfigurationList;
			buildConfigurations = (
				38C0AE651B819B5C00CD01F7 /* Debug */,
				38C0AE661B819B5C00CD01F7 /* Release */,
			);
			defaultConfigurationIsVisible = 0;
			defaultConfigurationName = Release;
		};
/* End XCConfigurationList section */
	};
	rootObject = 38C0AE4A1B819B5C00CD01F7 /* Project object */;
}
